
Microsoft Visual Studio Solution File, Format Version 12.00
# Visual Studio Version 16
VisualStudioVersion = 16.0.30011.22
MinimumVisualStudioVersion = 10.0.40219.1
Project("{FAE04EC0-301F-11D3-BF4B-00C04F79EFBC}") = "UPAXSESION", "UPAXSESION.csproj", "{9408972B-F232-4349-9A21-04EBB30A1B8C}"
EndProject
Project("{FAE04EC0-301F-11D3-BF4B-00C04F79EFBC}") = "CAD_UPAX", "..\CAD_UPAX\CAD_UPAX.csproj", "{2737ED0F-CE27-4813-B02D-973098DD9EF1}"
EndProject
Project("{FAE04EC0-301F-11D3-BF4B-00C04F79EFBC}") = "CMOD_UPAX", "..\CMOD_UPAX\CMOD_UPAX.csproj", "{B412C920-2C92-413A-A693-30122AEE6465}"
EndProject
Global
	GlobalSection(SolutionConfigurationPlatforms) = preSolution
		Debug|Any CPU = Debug|Any CPU
		Release|Any CPU = Release|Any CPU
	EndGlobalSection
	GlobalSection(ProjectConfigurationPlatforms) = postSolution
		{9408972B-F232-4349-9A21-04EBB30A1B8C}.Debug|Any CPU.ActiveCfg = Debug|Any CPU
		{9408972B-F232-4349-9A21-04EBB30A1B8C}.Debug|Any CPU.Build.0 = Debug|Any CPU
		{9408972B-F232-4349-9A21-04EBB30A1B8C}.Release|Any CPU.ActiveCfg = Release|Any CPU
		{9408972B-F232-4349-9A21-04EBB30A1B8C}.Release|Any CPU.Build.0 = Release|Any CPU
		{2737ED0F-CE27-4813-B02D-973098DD9EF1}.Debug|Any CPU.ActiveCfg = Debug|Any CPU
		{2737ED0F-CE27-4813-B02D-973098DD9EF1}.Debug|Any CPU.Build.0 = Debug|Any CPU
		{2737ED0F-CE27-4813-B02D-973098DD9EF1}.Release|Any CPU.ActiveCfg = Release|Any CPU
		{2737ED0F-CE27-4813-B02D-973098DD9EF1}.Release|Any CPU.Build.0 = Release|Any CPU
		{B412C920-2C92-413A-A693-30122AEE6465}.Debug|Any CPU.ActiveCfg = Debug|Any CPU
		{B412C920-2C92-413A-A693-30122AEE6465}.Debug|Any CPU.Build.0 = Debug|Any CPU
		{B412C920-2C92-413A-A693-30122AEE6465}.Release|Any CPU.ActiveCfg = Release|Any CPU
		{B412C920-2C92-413A-A693-30122AEE6465}.Release|Any CPU.Build.0 = Release|Any CPU
	EndGlobalSection
	GlobalSection(SolutionProperties) = preSolution
		HideSolutionNode = FALSE
	EndGlobalSection
	GlobalSection(ExtensibilityGlobals) = postSolution
		SolutionGuid = {11309B97-83CF-4EF7-8457-988260A32D03}
	EndGlobalSection
EndGlobal
